// !$*UTF8*$!
{
	archiveVersion = 1;
	classes = {
	};
	objectVersion = 46;
	objects = {

/* Begin PBXBuildFile section */
		793280201C4C7A7E001B96BC /* AppDelegate.swift in Sources */ = {isa = PBXBuildFile; fileRef = 7932801F1C4C7A7E001B96BC /* AppDelegate.swift */; };
		793280251C4C7A7E001B96BC /* Main.storyboard in Resources */ = {isa = PBXBuildFile; fileRef = 793280231C4C7A7E001B96BC /* Main.storyboard */; };
		793280281C4C7A7E001B96BC /* Virtual_Tourist.xcdatamodeld in Sources */ = {isa = PBXBuildFile; fileRef = 793280261C4C7A7E001B96BC /* Virtual_Tourist.xcdatamodeld */; };
		7932802A1C4C7A7E001B96BC /* Assets.xcassets in Resources */ = {isa = PBXBuildFile; fileRef = 793280291C4C7A7E001B96BC /* Assets.xcassets */; };
		7932802D1C4C7A7E001B96BC /* LaunchScreen.storyboard in Resources */ = {isa = PBXBuildFile; fileRef = 7932802B1C4C7A7E001B96BC /* LaunchScreen.storyboard */; };
		793280381C4C7A7E001B96BC /* Virtual_TouristTests.swift in Sources */ = {isa = PBXBuildFile; fileRef = 793280371C4C7A7E001B96BC /* Virtual_TouristTests.swift */; };
/* End PBXBuildFile section */

/* Begin PBXContainerItemProxy section */
		793280341C4C7A7E001B96BC /* PBXContainerItemProxy */ = {
			isa = PBXContainerItemProxy;
			containerPortal = 793280141C4C7A7E001B96BC /* Project object */;
			proxyType = 1;
			remoteGlobalIDString = 7932801B1C4C7A7E001B96BC;
			remoteInfo = "Virtual Tourist";
		};
/* End PBXContainerItemProxy section */

/* Begin PBXFileReference section */
		7932801C1C4C7A7E001B96BC /* Virtual Tourist.app */ = {isa = PBXFileReference; explicitFileType = wrapper.application; includeInIndex = 0; path = "Virtual Tourist.app"; sourceTree = BUILT_PRODUCTS_DIR; };
		7932801F1C4C7A7E001B96BC /* AppDelegate.swift */ = {isa = PBXFileReference; lastKnownFileType = sourcecode.swift; path = AppDelegate.swift; sourceTree = "<group>"; };
		793280241C4C7A7E001B96BC /* Base */ = {isa = PBXFileReference; lastKnownFileType = file.storyboard; name = Base; path = Base.lproj/Main.storyboard; sourceTree = "<group>"; };
		793280271C4C7A7E001B96BC /* Virtual_Tourist.xcdatamodel */ = {isa = PBXFileReference; lastKnownFileType = wrapper.xcdatamodel; path = Virtual_Tourist.xcdatamodel; sourceTree = "<group>"; };
		793280291C4C7A7E001B96BC /* Assets.xcassets */ = {isa = PBXFileReference; lastKnownFileType = folder.assetcatalog; path = Assets.xcassets; sourceTree = "<group>"; };
		7932802C1C4C7A7E001B96BC /* Base */ = {isa = PBXFileReference; lastKnownFileType = file.storyboard; name = Base; path = Base.lproj/LaunchScreen.storyboard; sourceTree = "<group>"; };
		7932802E1C4C7A7E001B96BC /* Info.plist */ = {isa = PBXFileReference; lastKnownFileType = text.plist.xml; path = Info.plist; sourceTree = "<group>"; };
		793280331C4C7A7E001B96BC /* Virtual TouristTests.xctest */ = {isa = PBXFileReference; explicitFileType = wrapper.cfbundle; includeInIndex = 0; path = "Virtual TouristTests.xctest"; sourceTree = BUILT_PRODUCTS_DIR; };
		793280371C4C7A7E001B96BC /* Virtual_TouristTests.swift */ = {isa = PBXFileReference; lastKnownFileType = sourcecode.swift; path = Virtual_TouristTests.swift; sourceTree = "<group>"; };
		793280391C4C7A7E001B96BC /* Info.plist */ = {isa = PBXFileReference; lastKnownFileType = text.plist.xml; path = Info.plist; sourceTree = "<group>"; };
/* End PBXFileReference section */

/* Begin PBXFrameworksBuildPhase section */
		793280191C4C7A7E001B96BC /* Frameworks */ = {
			isa = PBXFrameworksBuildPhase;
			buildActionMask = 2147483647;
			files = (
			);
			runOnlyForDeploymentPostprocessing = 0;
		};
		793280301C4C7A7E001B96BC /* Frameworks */ = {
			isa = PBXFrameworksBuildPhase;
			buildActionMask = 2147483647;
			files = (
			);
			runOnlyForDeploymentPostprocessing = 0;
		};
/* End PBXFrameworksBuildPhase section */

/* Begin PBXGroup section */
		793280131C4C7A7E001B96BC = {
			isa = PBXGroup;
			children = (
				7932801E1C4C7A7E001B96BC /* Virtual Tourist */,
				793280361C4C7A7E001B96BC /* Virtual TouristTests */,
				7932801D1C4C7A7E001B96BC /* Products */,
			);
			sourceTree = "<group>";
		};
		7932801D1C4C7A7E001B96BC /* Products */ = {
			isa = PBXGroup;
			children = (
				7932801C1C4C7A7E001B96BC /* Virtual Tourist.app */,
				793280331C4C7A7E001B96BC /* Virtual TouristTests.xctest */,
			);
			name = Products;
			sourceTree = "<group>";
		};
		7932801E1C4C7A7E001B96BC /* Virtual Tourist */ = {
			isa = PBXGroup;
			children = (
				793280431C4C7A92001B96BC /* Model */,
				793280421C4C7A8C001B96BC /* Controller */,
				793280441C4C7A97001B96BC /* View */,
				7932801F1C4C7A7E001B96BC /* AppDelegate.swift */,
				793280231C4C7A7E001B96BC /* Main.storyboard */,
				793280291C4C7A7E001B96BC /* Assets.xcassets */,
				7932802B1C4C7A7E001B96BC /* LaunchScreen.storyboard */,
				7932802E1C4C7A7E001B96BC /* Info.plist */,
				793280261C4C7A7E001B96BC /* Virtual_Tourist.xcdatamodeld */,
			);
			path = "Virtual Tourist";
			sourceTree = "<group>";
		};
		793280361C4C7A7E001B96BC /* Virtual TouristTests */ = {
			isa = PBXGroup;
			children = (
				793280371C4C7A7E001B96BC /* Virtual_TouristTests.swift */,
				793280391C4C7A7E001B96BC /* Info.plist */,
			);
			path = "Virtual TouristTests";
			sourceTree = "<group>";
		};
		793280421C4C7A8C001B96BC /* Controller */ = {
			isa = PBXGroup;
			children = (
			);
			name = Controller;
			sourceTree = "<group>";
		};
		793280431C4C7A92001B96BC /* Model */ = {
			isa = PBXGroup;
			children = (
			);
			name = Model;
			sourceTree = "<group>";
		};
		793280441C4C7A97001B96BC /* View */ = {
			isa = PBXGroup;
			children = (
			);
			name = View;
			sourceTree = "<group>";
		};
/* End PBXGroup section */

/* Begin PBXNativeTarget section */
		7932801B1C4C7A7E001B96BC /* Virtual Tourist */ = {
			isa = PBXNativeTarget;
			buildConfigurationList = 7932803C1C4C7A7E001B96BC /* Build configuration list for PBXNativeTarget "Virtual Tourist" */;
			buildPhases = (
				793280181C4C7A7E001B96BC /* Sources */,
				793280191C4C7A7E001B96BC /* Frameworks */,
				7932801A1C4C7A7E001B96BC /* Resources */,
			);
			buildRules = (
			);
			dependencies = (
			);
			name = "Virtual Tourist";
			productName = "Virtual Tourist";
			productReference = 7932801C1C4C7A7E001B96BC /* Virtual Tourist.app */;
			productType = "com.apple.product-type.application";
		};
		793280321C4C7A7E001B96BC /* Virtual TouristTests */ = {
			isa = PBXNativeTarget;
			buildConfigurationList = 7932803F1C4C7A7E001B96BC /* Build configuration list for PBXNativeTarget "Virtual TouristTests" */;
			buildPhases = (
				7932802F1C4C7A7E001B96BC /* Sources */,
				793280301C4C7A7E001B96BC /* Frameworks */,
				793280311C4C7A7E001B96BC /* Resources */,
			);
			buildRules = (
			);
			dependencies = (
				793280351C4C7A7E001B96BC /* PBXTargetDependency */,
			);
			name = "Virtual TouristTests";
			productName = "Virtual TouristTests";
			productReference = 793280331C4C7A7E001B96BC /* Virtual TouristTests.xctest */;
			productType = "com.apple.product-type.bundle.unit-test";
		};
/* End PBXNativeTarget section */

/* Begin PBXProject section */
		793280141C4C7A7E001B96BC /* Project object */ = {
			isa = PBXProject;
			attributes = {
				LastSwiftUpdateCheck = 0720;
				LastUpgradeCheck = 0720;
				ORGANIZATIONNAME = "Richard Trevivian";
				TargetAttributes = {
					7932801B1C4C7A7E001B96BC = {
						CreatedOnToolsVersion = 7.2;
					};
					793280321C4C7A7E001B96BC = {
						CreatedOnToolsVersion = 7.2;
						TestTargetID = 7932801B1C4C7A7E001B96BC;
					};
				};
			};
			buildConfigurationList = 793280171C4C7A7E001B96BC /* Build configuration list for PBXProject "Virtual Tourist" */;
			compatibilityVersion = "Xcode 3.2";
			developmentRegion = English;
			hasScannedForEncodings = 0;
			knownRegions = (
				en,
				Base,
			);
			mainGroup = 793280131C4C7A7E001B96BC;
			productRefGroup = 7932801D1C4C7A7E001B96BC /* Products */;
			projectDirPath = "";
			projectRoot = "";
			targets = (
				7932801B1C4C7A7E001B96BC /* Virtual Tourist */,
				793280321C4C7A7E001B96BC /* Virtual TouristTests */,
			);
		};
/* End PBXProject section */

/* Begin PBXResourcesBuildPhase section */
		7932801A1C4C7A7E001B96BC /* Resources */ = {
			isa = PBXResourcesBuildPhase;
			buildActionMask = 2147483647;
			files = (
				7932802D1C4C7A7E001B96BC /* LaunchScreen.storyboard in Resources */,
				7932802A1C4C7A7E001B96BC /* Assets.xcassets in Resources */,
				793280251C4C7A7E001B96BC /* Main.storyboard in Resources */,
			);
			runOnlyForDeploymentPostprocessing = 0;
		};
		793280311C4C7A7E001B96BC /* Resources */ = {
			isa = PBXResourcesBuildPhase;
			buildActionMask = 2147483647;
			files = (
			);
			runOnlyForDeploymentPostprocessing = 0;
		};
/* End PBXResourcesBuildPhase section */

/* Begin PBXSourcesBuildPhase section */
		793280181C4C7A7E001B96BC /* Sources */ = {
			isa = PBXSourcesBuildPhase;
			buildActionMask = 2147483647;
			files = (
				793280281C4C7A7E001B96BC /* Virtual_Tourist.xcdatamodeld in Sources */,
				793280201C4C7A7E001B96BC /* AppDelegate.swift in Sources */,
			);
			runOnlyForDeploymentPostprocessing = 0;
		};
		7932802F1C4C7A7E001B96BC /* Sources */ = {
			isa = PBXSourcesBuildPhase;
			buildActionMask = 2147483647;
			files = (
				793280381C4C7A7E001B96BC /* Virtual_TouristTests.swift in Sources */,
			);
			runOnlyForDeploymentPostprocessing = 0;
		};
/* End PBXSourcesBuildPhase section */

/* Begin PBXTargetDependency section */
		793280351C4C7A7E001B96BC /* PBXTargetDependency */ = {
			isa = PBXTargetDependency;
			target = 7932801B1C4C7A7E001B96BC /* Virtual Tourist */;
			targetProxy = 793280341C4C7A7E001B96BC /* PBXContainerItemProxy */;
		};
/* End PBXTargetDependency section */

/* Begin PBXVariantGroup section */
		793280231C4C7A7E001B96BC /* Main.storyboard */ = {
			isa = PBXVariantGroup;
			children = (
				793280241C4C7A7E001B96BC /* Base */,
			);
			name = Main.storyboard;
			sourceTree = "<group>";
		};
		7932802B1C4C7A7E001B96BC /* LaunchScreen.storyboard */ = {
			isa = PBXVariantGroup;
			children = (
				7932802C1C4C7A7E001B96BC /* Base */,
			);
			name = LaunchScreen.storyboard;
			sourceTree = "<group>";
		};
/* End PBXVariantGroup section */

/* Begin XCBuildConfiguration section */
		7932803A1C4C7A7E001B96BC /* Debug */ = {
			isa = XCBuildConfiguration;
			buildSettings = {
				ALWAYS_SEARCH_USER_PATHS = NO;
				CLANG_CXX_LANGUAGE_STANDARD = "gnu++0x";
				CLANG_CXX_LIBRARY = "libc++";
				CLANG_ENABLE_MODULES = YES;
				CLANG_ENABLE_OBJC_ARC = YES;
				CLANG_WARN_BOOL_CONVERSION = YES;
				CLANG_WARN_CONSTANT_CONVERSION = YES;
				CLANG_WARN_DIRECT_OBJC_ISA_USAGE = YES_ERROR;
				CLANG_WARN_EMPTY_BODY = YES;
				CLANG_WARN_ENUM_CONVERSION = YES;
				CLANG_WARN_INT_CONVERSION = YES;
				CLANG_WARN_OBJC_ROOT_CLASS = YES_ERROR;
				CLANG_WARN_UNREACHABLE_CODE = YES;
				CLANG_WARN__DUPLICATE_METHOD_MATCH = YES;
				"CODE_SIGN_IDENTITY[sdk=iphoneos*]" = "iPhone Developer";
				COPY_PHASE_STRIP = NO;
				DEBUG_INFORMATION_FORMAT = dwarf;
				ENABLE_STRICT_OBJC_MSGSEND = YES;
				ENABLE_TESTABILITY = YES;
				GCC_C_LANGUAGE_STANDARD = gnu99;
				GCC_DYNAMIC_NO_PIC = NO;
				GCC_NO_COMMON_BLOCKS = YES;
				GCC_OPTIMIZATION_LEVEL = 0;
				GCC_PREPROCESSOR_DEFINITIONS = (
					"DEBUG=1",
					"$(inherited)",
				);
				GCC_WARN_64_TO_32_BIT_CONVERSION = YES;
				GCC_WARN_ABOUT_RETURN_TYPE = YES_ERROR;
				GCC_WARN_UNDECLARED_SELECTOR = YES;
				GCC_WARN_UNINITIALIZED_AUTOS = YES_AGGRESSIVE;
				GCC_WARN_UNUSED_FUNCTION = YES;
				GCC_WARN_UNUSED_VARIABLE = YES;
				IPHONEOS_DEPLOYMENT_TARGET = 9.2;
				MTL_ENABLE_DEBUG_INFO = YES;
				ONLY_ACTIVE_ARCH = YES;
				SDKROOT = iphoneos;
				SWIFT_OPTIMIZATION_LEVEL = "-Onone";
				TARGETED_DEVICE_FAMILY = "1,2";
			};
			name = Debug;
		};
		7932803B1C4C7A7E001B96BC /* Release */ = {
			isa = XCBuildConfiguration;
			buildSettings = {
				ALWAYS_SEARCH_USER_PATHS = NO;
				CLANG_CXX_LANGUAGE_STANDARD = "gnu++0x";
				CLANG_CXX_LIBRARY = "libc++";
				CLANG_ENABLE_MODULES = YES;
				CLANG_ENABLE_OBJC_ARC = YES;
				CLANG_WARN_BOOL_CONVERSION = YES;
				CLANG_WARN_CONSTANT_CONVERSION = YES;
				CLANG_WARN_DIRECT_OBJC_ISA_USAGE = YES_ERROR;
				CLANG_WARN_EMPTY_BODY = YES;
				CLANG_WARN_ENUM_CONVERSION = YES;
				CLANG_WARN_INT_CONVERSION = YES;
				CLANG_WARN_OBJC_ROOT_CLASS = YES_ERROR;
				CLANG_WARN_UNREACHABLE_CODE = YES;
				CLANG_WARN__DUPLICATE_METHOD_MATCH = YES;
				"CODE_SIGN_IDENTITY[sdk=iphoneos*]" = "iPhone Developer";
				COPY_PHASE_STRIP = NO;
				DEBUG_INFORMATION_FORMAT = "dwarf-with-dsym";
				ENABLE_NS_ASSERTIONS = NO;
				ENABLE_STRICT_OBJC_MSGSEND = YES;
				GCC_C_LANGUAGE_STANDARD = gnu99;
				GCC_NO_COMMON_BLOCKS = YES;
				GCC_WARN_64_TO_32_BIT_CONVERSION = YES;
				GCC_WARN_ABOUT_RETURN_TYPE = YES_ERROR;
				GCC_WARN_UNDECLARED_SELECTOR = YES;
				GCC_WARN_UNINITIALIZED_AUTOS = YES_AGGRESSIVE;
				GCC_WARN_UNUSED_FUNCTION = YES;
				GCC_WARN_UNUSED_VARIABLE = YES;
				IPHONEOS_DEPLOYMENT_TARGET = 9.2;
				MTL_ENABLE_DEBUG_INFO = NO;
				SDKROOT = iphoneos;
				TARGETED_DEVICE_FAMILY = "1,2";
				VALIDATE_PRODUCT = YES;
			};
			name = Release;
		};
		7932803D1C4C7A7E001B96BC /* Debug */ = {
			isa = XCBuildConfiguration;
			buildSettings = {
				ASSETCATALOG_COMPILER_APPICON_NAME = AppIcon;
				INFOPLIST_FILE = "Virtual Tourist/Info.plist";
				LD_RUNPATH_SEARCH_PATHS = "$(inherited) @executable_path/Frameworks";
				PRODUCT_BUNDLE_IDENTIFIER = "com.richardtrevivian.Virtual-Tourist";
				PRODUCT_NAME = "$(TARGET_NAME)";
			};
			name = Debug;
		};
		7932803E1C4C7A7E001B96BC /* Release */ = {
			isa = XCBuildConfiguration;
			buildSettings = {
				ASSETCATALOG_COMPILER_APPICON_NAME = AppIcon;
				INFOPLIST_FILE = "Virtual Tourist/Info.plist";
				LD_RUNPATH_SEARCH_PATHS = "$(inherited) @executable_path/Frameworks";
				PRODUCT_BUNDLE_IDENTIFIER = "com.richardtrevivian.Virtual-Tourist";
				PRODUCT_NAME = "$(TARGET_NAME)";
			};
			name = Release;
		};
		793280401C4C7A7E001B96BC /* Debug */ = {
			isa = XCBuildConfiguration;
			buildSettings = {
				BUNDLE_LOADER = "$(TEST_HOST)";
				INFOPLIST_FILE = "Virtual TouristTests/Info.plist";
				LD_RUNPATH_SEARCH_PATHS = "$(inherited) @executable_path/Frameworks @loader_path/Frameworks";
				PRODUCT_BUNDLE_IDENTIFIER = "com.richardtrevivian.Virtual-TouristTests";
				PRODUCT_NAME = "$(TARGET_NAME)";
				TEST_HOST = "$(BUILT_PRODUCTS_DIR)/Virtual Tourist.app/Virtual Tourist";
			};
			name = Debug;
		};
		793280411C4C7A7E001B96BC /* Release */ = {
			isa = XCBuildConfiguration;
			buildSettings = {
				BUNDLE_LOADER = "$(TEST_HOST)";
				INFOPLIST_FILE = "Virtual TouristTests/Info.plist";
				LD_RUNPATH_SEARCH_PATHS = "$(inherited) @executable_path/Frameworks @loader_path/Frameworks";
				PRODUCT_BUNDLE_IDENTIFIER = "com.richardtrevivian.Virtual-TouristTests";
				PRODUCT_NAME = "$(TARGET_NAME)";
				TEST_HOST = "$(BUILT_PRODUCTS_DIR)/Virtual Tourist.app/Virtual Tourist";
			};
			name = Release;
		};
/* End XCBuildConfiguration section */

/* Begin XCConfigurationList section */
		793280171C4C7A7E001B96BC /* Build configuration list for PBXProject "Virtual Tourist" */ = {
			isa = XCConfigurationList;
			buildConfigurations = (
				7932803A1C4C7A7E001B96BC /* Debug */,
				7932803B1C4C7A7E001B96BC /* Release */,
			);
			defaultConfigurationIsVisible = 0;
			defaultConfigurationName = Release;
		};
		7932803C1C4C7A7E001B96BC /* Build configuration list for PBXNativeTarget "Virtual Tourist" */ = {
			isa = XCConfigurationList;
			buildConfigurations = (
				7932803D1C4C7A7E001B96BC /* Debug */,
				7932803E1C4C7A7E001B96BC /* Release */,
			);
			defaultConfigurationIsVisible = 0;
		};
		7932803F1C4C7A7E001B96BC /* Build configuration list for PBXNativeTarget "Virtual TouristTests" */ = {
			isa = XCConfigurationList;
			buildConfigurations = (
				793280401C4C7A7E001B96BC /* Debug */,
				793280411C4C7A7E001B96BC /* Release */,
			);
			defaultConfigurationIsVisible = 0;
		};
/* End XCConfigurationList section */

/* Begin XCVersionGroup section */
		793280261C4C7A7E001B96BC /* Virtual_Tourist.xcdatamodeld */ = {
			isa = XCVersionGroup;
			children = (
				793280271C4C7A7E001B96BC /* Virtual_Tourist.xcdatamodel */,
			);
			currentVersion = 793280271C4C7A7E001B96BC /* Virtual_Tourist.xcdatamodel */;
			path = Virtual_Tourist.xcdatamodeld;
			sourceTree = "<group>";
			versionGroupType = wrapper.xcdatamodel;
		};
/* End XCVersionGroup section */
	};
	rootObject = 793280141C4C7A7E001B96BC /* Project object */;
}
